
Microsoft Visual Studio Solution File, Format Version 12.00
# Visual Studio Version 17
VisualStudioVersion = 17.5.33530.505
MinimumVisualStudioVersion = 10.0.40219.1
Project("{8BC9CEB8-8B4A-11D0-8D11-00A0C91BC942}") = "CatLogger Client", "CatLogger Client.vcxproj", "{17A40618-8BAC-49CE-8E03-207906DF15AF}"
EndProject
Project("{8BC9CEB8-8B4A-11D0-8D11-00A0C91BC942}") = "CatLoggerServer", "..\CatLoggerServer\CatLoggerServer.vcxproj", "{9F3CFE71-65C0-4951-8D04-AB4AC26A801C}"
EndProject
Global
	GlobalSection(SolutionConfigurationPlatforms) = preSolution
		Debug|x64 = Debug|x64
		Debug|x86 = Debug|x86
		Release|x64 = Release|x64
		Release|x86 = Release|x86
	EndGlobalSection
	GlobalSection(ProjectConfigurationPlatforms) = postSolution
		{17A40618-8BAC-49CE-8E03-207906DF15AF}.Debug|x64.ActiveCfg = Debug|x64
		{17A40618-8BAC-49CE-8E03-207906DF15AF}.Debug|x64.Build.0 = Debug|x64
		{17A40618-8BAC-49CE-8E03-207906DF15AF}.Debug|x86.ActiveCfg = Debug|Win32
		{17A40618-8BAC-49CE-8E03-207906DF15AF}.Debug|x86.Build.0 = Debug|Win32
		{17A40618-8BAC-49CE-8E03-207906DF15AF}.Release|x64.ActiveCfg = Release|x64
		{17A40618-8BAC-49CE-8E03-207906DF15AF}.Release|x64.Build.0 = Release|x64
		{17A40618-8BAC-49CE-8E03-207906DF15AF}.Release|x86.ActiveCfg = Release|Win32
		{17A40618-8BAC-49CE-8E03-207906DF15AF}.Release|x86.Build.0 = Release|Win32
		{9F3CFE71-65C0-4951-8D04-AB4AC26A801C}.Debug|x64.ActiveCfg = Debug|x64
		{9F3CFE71-65C0-4951-8D04-AB4AC26A801C}.Debug|x64.Build.0 = Debug|x64
		{9F3CFE71-65C0-4951-8D04-AB4AC26A801C}.Debug|x86.ActiveCfg = Debug|Win32
		{9F3CFE71-65C0-4951-8D04-AB4AC26A801C}.Debug|x86.Build.0 = Debug|Win32
		{9F3CFE71-65C0-4951-8D04-AB4AC26A801C}.Release|x64.ActiveCfg = Release|x64
		{9F3CFE71-65C0-4951-8D04-AB4AC26A801C}.Release|x64.Build.0 = Release|x64
		{9F3CFE71-65C0-4951-8D04-AB4AC26A801C}.Release|x86.ActiveCfg = Release|Win32
		{9F3CFE71-65C0-4951-8D04-AB4AC26A801C}.Release|x86.Build.0 = Release|Win32
	EndGlobalSection
	GlobalSection(SolutionProperties) = preSolution
		HideSolutionNode = FALSE
	EndGlobalSection
	GlobalSection(ExtensibilityGlobals) = postSolution
		SolutionGuid = {3998C4CC-22E9-482E-9AFE-1208169EFCB1}
	EndGlobalSection
EndGlobal
